
Microsoft Visual Studio Solution File, Format Version 12.00
# Visual Studio Version 16
VisualStudioVersion = 16.0.30907.101
MinimumVisualStudioVersion = 10.0.40219.1
Project("{9A19103F-16F7-4668-BE54-9A1E7A4F7556}") = "DotNetCore.Azure.Configuration.KvSecrets", "src\DotNetCore.Azure.Configuration.KvSecrets.csproj", "{AB131AD3-55C2-4BE7-B445-00DC2EECA40A}"
EndProject
Project("{9A19103F-16F7-4668-BE54-9A1E7A4F7556}") = "DotNetCore.Azure.Configuration.KvSecrets.Tests", "test\DotNetCore.Azure.Configuration.KvSecrets.Tests.csproj", "{18E29A66-9B92-4376-836C-4E9A2E3A8F07}"
EndProject
Project("{2150E333-8FDC-42A3-9474-1A3956D46DE8}") = "Solution Items", "Solution Items", "{C7F5E260-8B15-4E59-AA76-5599BAD61C85}"
	ProjectSection(SolutionItems) = preProject
		.dockerignore = .dockerignore
		.gitattributes = .gitattributes
		.gitignore = .gitignore
		Directory.Build.props = Directory.Build.props
		Directory.Build.targets = Directory.Build.targets
		global.json = global.json
		LICENSE.txt = LICENSE.txt
		NOTICE.txt = NOTICE.txt
		README.md = README.md
	EndProjectSection
EndProject
Global
	GlobalSection(SolutionConfigurationPlatforms) = preSolution
		Debug|Any CPU = Debug|Any CPU
		Release|Any CPU = Release|Any CPU
	EndGlobalSection
	GlobalSection(ProjectConfigurationPlatforms) = postSolution
		{AB131AD3-55C2-4BE7-B445-00DC2EECA40A}.Debug|Any CPU.ActiveCfg = Debug|Any CPU
		{AB131AD3-55C2-4BE7-B445-00DC2EECA40A}.Debug|Any CPU.Build.0 = Debug|Any CPU
		{AB131AD3-55C2-4BE7-B445-00DC2EECA40A}.Release|Any CPU.ActiveCfg = Release|Any CPU
		{AB131AD3-55C2-4BE7-B445-00DC2EECA40A}.Release|Any CPU.Build.0 = Release|Any CPU
		{18E29A66-9B92-4376-836C-4E9A2E3A8F07}.Debug|Any CPU.ActiveCfg = Debug|Any CPU
		{18E29A66-9B92-4376-836C-4E9A2E3A8F07}.Debug|Any CPU.Build.0 = Debug|Any CPU
		{18E29A66-9B92-4376-836C-4E9A2E3A8F07}.Release|Any CPU.ActiveCfg = Release|Any CPU
		{18E29A66-9B92-4376-836C-4E9A2E3A8F07}.Release|Any CPU.Build.0 = Release|Any CPU
	EndGlobalSection
	GlobalSection(SolutionProperties) = preSolution
		HideSolutionNode = FALSE
	EndGlobalSection
	GlobalSection(ExtensibilityGlobals) = postSolution
		SolutionGuid = {9E54AE16-D036-4B1D-A0D7-5D5F36164DF8}
	EndGlobalSection
EndGlobal
